
Microsoft Visual Studio Solution File, Format Version 12.00
# Visual Studio 15
VisualStudioVersion = 15.0.28307.168
MinimumVisualStudioVersion = 10.0.40219.1
Project("{FAE04EC0-301F-11D3-BF4B-00C04F79EFBC}") = "gungame", "gungame\gungame.csproj", "{40ADA51F-8043-4A9A-B4D7-D1728DDA569A}"
EndProject
Project("{FAE04EC0-301F-11D3-BF4B-00C04F79EFBC}") = "gungameTests", "gungameTests\gungameTests.csproj", "{AA815ED6-77F4-4673-930F-CAEC42A54792}"
EndProject
Global
	GlobalSection(SolutionConfigurationPlatforms) = preSolution
		Debug|Any CPU = Debug|Any CPU
		Release|Any CPU = Release|Any CPU
	EndGlobalSection
	GlobalSection(ProjectConfigurationPlatforms) = postSolution
		{40ADA51F-8043-4A9A-B4D7-D1728DDA569A}.Debug|Any CPU.ActiveCfg = Debug|Any CPU
		{40ADA51F-8043-4A9A-B4D7-D1728DDA569A}.Debug|Any CPU.Build.0 = Debug|Any CPU
		{40ADA51F-8043-4A9A-B4D7-D1728DDA569A}.Release|Any CPU.ActiveCfg = Release|Any CPU
		{40ADA51F-8043-4A9A-B4D7-D1728DDA569A}.Release|Any CPU.Build.0 = Release|Any CPU
		{AA815ED6-77F4-4673-930F-CAEC42A54792}.Debug|Any CPU.ActiveCfg = Debug|Any CPU
		{AA815ED6-77F4-4673-930F-CAEC42A54792}.Debug|Any CPU.Build.0 = Debug|Any CPU
		{AA815ED6-77F4-4673-930F-CAEC42A54792}.Release|Any CPU.ActiveCfg = Release|Any CPU
		{AA815ED6-77F4-4673-930F-CAEC42A54792}.Release|Any CPU.Build.0 = Release|Any CPU
	EndGlobalSection
	GlobalSection(SolutionProperties) = preSolution
		HideSolutionNode = FALSE
	EndGlobalSection
	GlobalSection(ExtensibilityGlobals) = postSolution
		SolutionGuid = {D4AA696D-6C1B-4B73-8523-E41DCA90902B}
	EndGlobalSection
EndGlobal
